
Microsoft Visual Studio Solution File, Format Version 12.00
# Visual Studio Version 17
VisualStudioVersion = 17.14.36429.23 d17.14
MinimumVisualStudioVersion = 10.0.40219.1
Project("{FAE04EC0-301F-11D3-BF4B-00C04F79EFBC}") = "Kino_Sapunov", "Kino_Sapunov\Kino_Sapunov.csproj", "{B7C6F042-D806-45EA-9858-E5FC68EF5B13}"
EndProject
Global
	GlobalSection(SolutionConfigurationPlatforms) = preSolution
		Debug|Any CPU = Debug|Any CPU
		Release|Any CPU = Release|Any CPU
	EndGlobalSection
	GlobalSection(ProjectConfigurationPlatforms) = postSolution
		{B7C6F042-D806-45EA-9858-E5FC68EF5B13}.Debug|Any CPU.ActiveCfg = Debug|Any CPU
		{B7C6F042-D806-45EA-9858-E5FC68EF5B13}.Debug|Any CPU.Build.0 = Debug|Any CPU
		{B7C6F042-D806-45EA-9858-E5FC68EF5B13}.Release|Any CPU.ActiveCfg = Release|Any CPU
		{B7C6F042-D806-45EA-9858-E5FC68EF5B13}.Release|Any CPU.Build.0 = Release|Any CPU
	EndGlobalSection
	GlobalSection(SolutionProperties) = preSolution
		HideSolutionNode = FALSE
	EndGlobalSection
	GlobalSection(ExtensibilityGlobals) = postSolution
		SolutionGuid = {CA008128-30EF-4709-9367-BE7E2CA419E7}
	EndGlobalSection
EndGlobal
